// !$*UTF8*$!
{
	archiveVersion = 1;
	classes = {
	};
	objectVersion = 50;
	objects = {

/* Begin PBXBuildFile section */
		169FAE2B26D4701B00C463CC /* Pagie.framework in Frameworks */ = {isa = PBXBuildFile; fileRef = 169FAE2126D4701A00C463CC /* Pagie.framework */; };
		169FAE3026D4701B00C463CC /* PagieTests.swift in Sources */ = {isa = PBXBuildFile; fileRef = 169FAE2F26D4701B00C463CC /* PagieTests.swift */; };
		169FAE3226D4701B00C463CC /* Pagie.h in Headers */ = {isa = PBXBuildFile; fileRef = 169FAE2426D4701B00C463CC /* Pagie.h */; settings = {ATTRIBUTES = (Public, ); }; };
		169FAE3E26D4706300C463CC /* Source in Resources */ = {isa = PBXBuildFile; fileRef = 169FAE3D26D4706300C463CC /* Source */; };
/* End PBXBuildFile section */

/* Begin PBXContainerItemProxy section */
		169FAE2C26D4701B00C463CC /* PBXContainerItemProxy */ = {
			isa = PBXContainerItemProxy;
			containerPortal = 169FAE1826D4701A00C463CC /* Project object */;
			proxyType = 1;
			remoteGlobalIDString = 169FAE2026D4701A00C463CC;
			remoteInfo = Pagie;
		};
/* End PBXContainerItemProxy section */

/* Begin PBXFileReference section */
		169FAE2126D4701A00C463CC /* Pagie.framework */ = {isa = PBXFileReference; explicitFileType = wrapper.framework; includeInIndex = 0; path = Pagie.framework; sourceTree = BUILT_PRODUCTS_DIR; };
		169FAE2426D4701B00C463CC /* Pagie.h */ = {isa = PBXFileReference; lastKnownFileType = sourcecode.c.h; path = Pagie.h; sourceTree = "<group>"; };
		169FAE2526D4701B00C463CC /* Info.plist */ = {isa = PBXFileReference; lastKnownFileType = text.plist.xml; path = Info.plist; sourceTree = "<group>"; };
		169FAE2A26D4701B00C463CC /* PagieTests.xctest */ = {isa = PBXFileReference; explicitFileType = wrapper.cfbundle; includeInIndex = 0; path = PagieTests.xctest; sourceTree = BUILT_PRODUCTS_DIR; };
		169FAE2F26D4701B00C463CC /* PagieTests.swift */ = {isa = PBXFileReference; lastKnownFileType = sourcecode.swift; path = PagieTests.swift; sourceTree = "<group>"; };
		169FAE3126D4701B00C463CC /* Info.plist */ = {isa = PBXFileReference; lastKnownFileType = text.plist.xml; path = Info.plist; sourceTree = "<group>"; };
		169FAE3D26D4706300C463CC /* Source */ = {isa = PBXFileReference; lastKnownFileType = folder; path = Source; sourceTree = "<group>"; };
/* End PBXFileReference section */

/* Begin PBXFrameworksBuildPhase section */
		169FAE1E26D4701A00C463CC /* Frameworks */ = {
			isa = PBXFrameworksBuildPhase;
			buildActionMask = 2147483647;
			files = (
			);
			runOnlyForDeploymentPostprocessing = 0;
		};
		169FAE2726D4701B00C463CC /* Frameworks */ = {
			isa = PBXFrameworksBuildPhase;
			buildActionMask = 2147483647;
			files = (
				169FAE2B26D4701B00C463CC /* Pagie.framework in Frameworks */,
			);
			runOnlyForDeploymentPostprocessing = 0;
		};
/* End PBXFrameworksBuildPhase section */

/* Begin PBXGroup section */
		169FAE1726D4701A00C463CC = {
			isa = PBXGroup;
			children = (
				169FAE2326D4701A00C463CC /* Pagie */,
				169FAE2E26D4701B00C463CC /* PagieTests */,
				169FAE2226D4701A00C463CC /* Products */,
			);
			sourceTree = "<group>";
		};
		169FAE2226D4701A00C463CC /* Products */ = {
			isa = PBXGroup;
			children = (
				169FAE2126D4701A00C463CC /* Pagie.framework */,
				169FAE2A26D4701B00C463CC /* PagieTests.xctest */,
			);
			name = Products;
			sourceTree = "<group>";
		};
		169FAE2326D4701A00C463CC /* Pagie */ = {
			isa = PBXGroup;
			children = (
				169FAE3D26D4706300C463CC /* Source */,
				169FAE2426D4701B00C463CC /* Pagie.h */,
				169FAE2526D4701B00C463CC /* Info.plist */,
			);
			path = Pagie;
			sourceTree = "<group>";
		};
		169FAE2E26D4701B00C463CC /* PagieTests */ = {
			isa = PBXGroup;
			children = (
				169FAE2F26D4701B00C463CC /* PagieTests.swift */,
				169FAE3126D4701B00C463CC /* Info.plist */,
			);
			path = PagieTests;
			sourceTree = "<group>";
		};
/* End PBXGroup section */

/* Begin PBXHeadersBuildPhase section */
		169FAE1C26D4701A00C463CC /* Headers */ = {
			isa = PBXHeadersBuildPhase;
			buildActionMask = 2147483647;
			files = (
				169FAE3226D4701B00C463CC /* Pagie.h in Headers */,
			);
			runOnlyForDeploymentPostprocessing = 0;
		};
/* End PBXHeadersBuildPhase section */

/* Begin PBXNativeTarget section */
		169FAE2026D4701A00C463CC /* Pagie */ = {
			isa = PBXNativeTarget;
			buildConfigurationList = 169FAE3526D4701B00C463CC /* Build configuration list for PBXNativeTarget "Pagie" */;
			buildPhases = (
				169FAE1C26D4701A00C463CC /* Headers */,
				169FAE1D26D4701A00C463CC /* Sources */,
				169FAE1E26D4701A00C463CC /* Frameworks */,
				169FAE1F26D4701A00C463CC /* Resources */,
			);
			buildRules = (
			);
			dependencies = (
			);
			name = Pagie;
			productName = Pagie;
			productReference = 169FAE2126D4701A00C463CC /* Pagie.framework */;
			productType = "com.apple.product-type.framework";
		};
		169FAE2926D4701B00C463CC /* PagieTests */ = {
			isa = PBXNativeTarget;
			buildConfigurationList = 169FAE3826D4701B00C463CC /* Build configuration list for PBXNativeTarget "PagieTests" */;
			buildPhases = (
				169FAE2626D4701B00C463CC /* Sources */,
				169FAE2726D4701B00C463CC /* Frameworks */,
				169FAE2826D4701B00C463CC /* Resources */,
			);
			buildRules = (
			);
			dependencies = (
				169FAE2D26D4701B00C463CC /* PBXTargetDependency */,
			);
			name = PagieTests;
			productName = PagieTests;
			productReference = 169FAE2A26D4701B00C463CC /* PagieTests.xctest */;
			productType = "com.apple.product-type.bundle.unit-test";
		};
/* End PBXNativeTarget section */

/* Begin PBXProject section */
		169FAE1826D4701A00C463CC /* Project object */ = {
			isa = PBXProject;
			attributes = {
				LastSwiftUpdateCheck = 1240;
				LastUpgradeCheck = 1240;
				TargetAttributes = {
					169FAE2026D4701A00C463CC = {
						CreatedOnToolsVersion = 12.4;
					};
					169FAE2926D4701B00C463CC = {
						CreatedOnToolsVersion = 12.4;
					};
				};
			};
			buildConfigurationList = 169FAE1B26D4701A00C463CC /* Build configuration list for PBXProject "Pagie" */;
			compatibilityVersion = "Xcode 9.3";
			developmentRegion = en;
			hasScannedForEncodings = 0;
			knownRegions = (
				en,
				Base,
			);
			mainGroup = 169FAE1726D4701A00C463CC;
			productRefGroup = 169FAE2226D4701A00C463CC /* Products */;
			projectDirPath = "";
			projectRoot = "";
			targets = (
				169FAE2026D4701A00C463CC /* Pagie */,
				169FAE2926D4701B00C463CC /* PagieTests */,
			);
		};
/* End PBXProject section */

/* Begin PBXResourcesBuildPhase section */
		169FAE1F26D4701A00C463CC /* Resources */ = {
			isa = PBXResourcesBuildPhase;
			buildActionMask = 2147483647;
			files = (
				169FAE3E26D4706300C463CC /* Source in Resources */,
			);
			runOnlyForDeploymentPostprocessing = 0;
		};
		169FAE2826D4701B00C463CC /* Resources */ = {
			isa = PBXResourcesBuildPhase;
			buildActionMask = 2147483647;
			files = (
			);
			runOnlyForDeploymentPostprocessing = 0;
		};
/* End PBXResourcesBuildPhase section */

/* Begin PBXSourcesBuildPhase section */
		169FAE1D26D4701A00C463CC /* Sources */ = {
			isa = PBXSourcesBuildPhase;
			buildActionMask = 2147483647;
			files = (
			);
			runOnlyForDeploymentPostprocessing = 0;
		};
		169FAE2626D4701B00C463CC /* Sources */ = {
			isa = PBXSourcesBuildPhase;
			buildActionMask = 2147483647;
			files = (
				169FAE3026D4701B00C463CC /* PagieTests.swift in Sources */,
			);
			runOnlyForDeploymentPostprocessing = 0;
		};
/* End PBXSourcesBuildPhase section */

/* Begin PBXTargetDependency section */
		169FAE2D26D4701B00C463CC /* PBXTargetDependency */ = {
			isa = PBXTargetDependency;
			target = 169FAE2026D4701A00C463CC /* Pagie */;
			targetProxy = 169FAE2C26D4701B00C463CC /* PBXContainerItemProxy */;
		};
/* End PBXTargetDependency section */

/* Begin XCBuildConfiguration section */
		169FAE3326D4701B00C463CC /* Debug */ = {
			isa = XCBuildConfiguration;
			buildSettings = {
				ALWAYS_SEARCH_USER_PATHS = NO;
				CLANG_ANALYZER_NONNULL = YES;
				CLANG_ANALYZER_NUMBER_OBJECT_CONVERSION = YES_AGGRESSIVE;
				CLANG_CXX_LANGUAGE_STANDARD = "gnu++14";
				CLANG_CXX_LIBRARY = "libc++";
				CLANG_ENABLE_MODULES = YES;
				CLANG_ENABLE_OBJC_ARC = YES;
				CLANG_ENABLE_OBJC_WEAK = YES;
				CLANG_WARN_BLOCK_CAPTURE_AUTORELEASING = YES;
				CLANG_WARN_BOOL_CONVERSION = YES;
				CLANG_WARN_COMMA = YES;
				CLANG_WARN_CONSTANT_CONVERSION = YES;
				CLANG_WARN_DEPRECATED_OBJC_IMPLEMENTATIONS = YES;
				CLANG_WARN_DIRECT_OBJC_ISA_USAGE = YES_ERROR;
				CLANG_WARN_DOCUMENTATION_COMMENTS = YES;
				CLANG_WARN_EMPTY_BODY = YES;
				CLANG_WARN_ENUM_CONVERSION = YES;
				CLANG_WARN_INFINITE_RECURSION = YES;
				CLANG_WARN_INT_CONVERSION = YES;
				CLANG_WARN_NON_LITERAL_NULL_CONVERSION = YES;
				CLANG_WARN_OBJC_IMPLICIT_RETAIN_SELF = YES;
				CLANG_WARN_OBJC_LITERAL_CONVERSION = YES;
				CLANG_WARN_OBJC_ROOT_CLASS = YES_ERROR;
				CLANG_WARN_QUOTED_INCLUDE_IN_FRAMEWORK_HEADER = YES;
				CLANG_WARN_RANGE_LOOP_ANALYSIS = YES;
				CLANG_WARN_STRICT_PROTOTYPES = YES;
				CLANG_WARN_SUSPICIOUS_MOVE = YES;
				CLANG_WARN_UNGUARDED_AVAILABILITY = YES_AGGRESSIVE;
				CLANG_WARN_UNREACHABLE_CODE = YES;
				CLANG_WARN__DUPLICATE_METHOD_MATCH = YES;
				COPY_PHASE_STRIP = NO;
				CURRENT_PROJECT_VERSION = 1;
				DEBUG_INFORMATION_FORMAT = dwarf;
				ENABLE_STRICT_OBJC_MSGSEND = YES;
				ENABLE_TESTABILITY = YES;
				GCC_C_LANGUAGE_STANDARD = gnu11;
				GCC_DYNAMIC_NO_PIC = NO;
				GCC_NO_COMMON_BLOCKS = YES;
				GCC_OPTIMIZATION_LEVEL = 0;
				GCC_PREPROCESSOR_DEFINITIONS = (
					"DEBUG=1",
					"$(inherited)",
				);
				GCC_WARN_64_TO_32_BIT_CONVERSION = YES;
				GCC_WARN_ABOUT_RETURN_TYPE = YES_ERROR;
				GCC_WARN_UNDECLARED_SELECTOR = YES;
				GCC_WARN_UNINITIALIZED_AUTOS = YES_AGGRESSIVE;
				GCC_WARN_UNUSED_FUNCTION = YES;
				GCC_WARN_UNUSED_VARIABLE = YES;
				IPHONEOS_DEPLOYMENT_TARGET = 14.4;
				MTL_ENABLE_DEBUG_INFO = INCLUDE_SOURCE;
				MTL_FAST_MATH = YES;
				ONLY_ACTIVE_ARCH = YES;
				SDKROOT = iphoneos;
				SWIFT_ACTIVE_COMPILATION_CONDITIONS = DEBUG;
				SWIFT_OPTIMIZATION_LEVEL = "-Onone";
				VERSIONING_SYSTEM = "apple-generic";
				VERSION_INFO_PREFIX = "";
			};
			name = Debug;
		};
		169FAE3426D4701B00C463CC /* Release */ = {
			isa = XCBuildConfiguration;
			buildSettings = {
				ALWAYS_SEARCH_USER_PATHS = NO;
				CLANG_ANALYZER_NONNULL = YES;
				CLANG_ANALYZER_NUMBER_OBJECT_CONVERSION = YES_AGGRESSIVE;
				CLANG_CXX_LANGUAGE_STANDARD = "gnu++14";
				CLANG_CXX_LIBRARY = "libc++";
				CLANG_ENABLE_MODULES = YES;
				CLANG_ENABLE_OBJC_ARC = YES;
				CLANG_ENABLE_OBJC_WEAK = YES;
				CLANG_WARN_BLOCK_CAPTURE_AUTORELEASING = YES;
				CLANG_WARN_BOOL_CONVERSION = YES;
				CLANG_WARN_COMMA = YES;
				CLANG_WARN_CONSTANT_CONVERSION = YES;
				CLANG_WARN_DEPRECATED_OBJC_IMPLEMENTATIONS = YES;
				CLANG_WARN_DIRECT_OBJC_ISA_USAGE = YES_ERROR;
				CLANG_WARN_DOCUMENTATION_COMMENTS = YES;
				CLANG_WARN_EMPTY_BODY = YES;
				CLANG_WARN_ENUM_CONVERSION = YES;
				CLANG_WARN_INFINITE_RECURSION = YES;
				CLANG_WARN_INT_CONVERSION = YES;
				CLANG_WARN_NON_LITERAL_NULL_CONVERSION = YES;
				CLANG_WARN_OBJC_IMPLICIT_RETAIN_SELF = YES;
				CLANG_WARN_OBJC_LITERAL_CONVERSION = YES;
				CLANG_WARN_OBJC_ROOT_CLASS = YES_ERROR;
				CLANG_WARN_QUOTED_INCLUDE_IN_FRAMEWORK_HEADER = YES;
				CLANG_WARN_RANGE_LOOP_ANALYSIS = YES;
				CLANG_WARN_STRICT_PROTOTYPES = YES;
				CLANG_WARN_SUSPICIOUS_MOVE = YES;
				CLANG_WARN_UNGUARDED_AVAILABILITY = YES_AGGRESSIVE;
				CLANG_WARN_UNREACHABLE_CODE = YES;
				CLANG_WARN__DUPLICATE_METHOD_MATCH = YES;
				COPY_PHASE_STRIP = NO;
				CURRENT_PROJECT_VERSION = 1;
				DEBUG_INFORMATION_FORMAT = "dwarf-with-dsym";
				ENABLE_NS_ASSERTIONS = NO;
				ENABLE_STRICT_OBJC_MSGSEND = YES;
				GCC_C_LANGUAGE_STANDARD = gnu11;
				GCC_NO_COMMON_BLOCKS = YES;
				GCC_WARN_64_TO_32_BIT_CONVERSION = YES;
				GCC_WARN_ABOUT_RETURN_TYPE = YES_ERROR;
				GCC_WARN_UNDECLARED_SELECTOR = YES;
				GCC_WARN_UNINITIALIZED_AUTOS = YES_AGGRESSIVE;
				GCC_WARN_UNUSED_FUNCTION = YES;
				GCC_WARN_UNUSED_VARIABLE = YES;
				IPHONEOS_DEPLOYMENT_TARGET = 14.4;
				MTL_ENABLE_DEBUG_INFO = NO;
				MTL_FAST_MATH = YES;
				SDKROOT = iphoneos;
				SWIFT_COMPILATION_MODE = wholemodule;
				SWIFT_OPTIMIZATION_LEVEL = "-O";
				VALIDATE_PRODUCT = YES;
				VERSIONING_SYSTEM = "apple-generic";
				VERSION_INFO_PREFIX = "";
			};
			name = Release;
		};
		169FAE3626D4701B00C463CC /* Debug */ = {
			isa = XCBuildConfiguration;
			buildSettings = {
				CODE_SIGN_STYLE = Automatic;
				DEFINES_MODULE = YES;
				DEVELOPMENT_TEAM = WY4TJYTZW4;
				DYLIB_COMPATIBILITY_VERSION = 1;
				DYLIB_CURRENT_VERSION = 1;
				DYLIB_INSTALL_NAME_BASE = "@rpath";
				INFOPLIST_FILE = Pagie/Info.plist;
				INSTALL_PATH = "$(LOCAL_LIBRARY_DIR)/Frameworks";
				LD_RUNPATH_SEARCH_PATHS = (
					"$(inherited)",
					"@executable_path/Frameworks",
					"@loader_path/Frameworks",
				);
				PRODUCT_BUNDLE_IDENTIFIER = com.AhmedElserafy.Pagie;
				PRODUCT_NAME = "$(TARGET_NAME:c99extidentifier)";
				SKIP_INSTALL = YES;
				SWIFT_VERSION = 5.0;
				TARGETED_DEVICE_FAMILY = "1,2";
			};
			name = Debug;
		};
		169FAE3726D4701B00C463CC /* Release */ = {
			isa = XCBuildConfiguration;
			buildSettings = {
				CODE_SIGN_STYLE = Automatic;
				DEFINES_MODULE = YES;
				DEVELOPMENT_TEAM = WY4TJYTZW4;
				DYLIB_COMPATIBILITY_VERSION = 1;
				DYLIB_CURRENT_VERSION = 1;
				DYLIB_INSTALL_NAME_BASE = "@rpath";
				INFOPLIST_FILE = Pagie/Info.plist;
				INSTALL_PATH = "$(LOCAL_LIBRARY_DIR)/Frameworks";
				LD_RUNPATH_SEARCH_PATHS = (
					"$(inherited)",
					"@executable_path/Frameworks",
					"@loader_path/Frameworks",
				);
				PRODUCT_BUNDLE_IDENTIFIER = com.AhmedElserafy.Pagie;
				PRODUCT_NAME = "$(TARGET_NAME:c99extidentifier)";
				SKIP_INSTALL = YES;
				SWIFT_VERSION = 5.0;
				TARGETED_DEVICE_FAMILY = "1,2";
			};
			name = Release;
		};
		169FAE3926D4701B00C463CC /* Debug */ = {
			isa = XCBuildConfiguration;
			buildSettings = {
				CODE_SIGN_STYLE = Automatic;
				DEVELOPMENT_TEAM = WY4TJYTZW4;
				INFOPLIST_FILE = PagieTests/Info.plist;
				LD_RUNPATH_SEARCH_PATHS = (
					"$(inherited)",
					"@executable_path/Frameworks",
					"@loader_path/Frameworks",
				);
				PRODUCT_BUNDLE_IDENTIFIER = com.AhmedElserafy.PagieTests;
				PRODUCT_NAME = "$(TARGET_NAME)";
				SWIFT_VERSION = 5.0;
				TARGETED_DEVICE_FAMILY = "1,2";
			};
			name = Debug;
		};
		169FAE3A26D4701B00C463CC /* Release */ = {
			isa = XCBuildConfiguration;
			buildSettings = {
				CODE_SIGN_STYLE = Automatic;
				DEVELOPMENT_TEAM = WY4TJYTZW4;
				INFOPLIST_FILE = PagieTests/Info.plist;
				LD_RUNPATH_SEARCH_PATHS = (
					"$(inherited)",
					"@executable_path/Frameworks",
					"@loader_path/Frameworks",
				);
				PRODUCT_BUNDLE_IDENTIFIER = com.AhmedElserafy.PagieTests;
				PRODUCT_NAME = "$(TARGET_NAME)";
				SWIFT_VERSION = 5.0;
				TARGETED_DEVICE_FAMILY = "1,2";
			};
			name = Release;
		};
/* End XCBuildConfiguration section */

/* Begin XCConfigurationList section */
		169FAE1B26D4701A00C463CC /* Build configuration list for PBXProject "Pagie" */ = {
			isa = XCConfigurationList;
			buildConfigurations = (
				169FAE3326D4701B00C463CC /* Debug */,
				169FAE3426D4701B00C463CC /* Release */,
			);
			defaultConfigurationIsVisible = 0;
			defaultConfigurationName = Release;
		};
		169FAE3526D4701B00C463CC /* Build configuration list for PBXNativeTarget "Pagie" */ = {
			isa = XCConfigurationList;
			buildConfigurations = (
				169FAE3626D4701B00C463CC /* Debug */,
				169FAE3726D4701B00C463CC /* Release */,
			);
			defaultConfigurationIsVisible = 0;
			defaultConfigurationName = Release;
		};
		169FAE3826D4701B00C463CC /* Build configuration list for PBXNativeTarget "PagieTests" */ = {
			isa = XCConfigurationList;
			buildConfigurations = (
				169FAE3926D4701B00C463CC /* Debug */,
				169FAE3A26D4701B00C463CC /* Release */,
			);
			defaultConfigurationIsVisible = 0;
			defaultConfigurationName = Release;
		};
/* End XCConfigurationList section */
	};
	rootObject = 169FAE1826D4701A00C463CC /* Project object */;
}
